
Microsoft Visual Studio Solution File, Format Version 12.00
# Visual Studio 15
VisualStudioVersion = 15.0.27428.2037
MinimumVisualStudioVersion = 10.0.40219.1
Project("{FAE04EC0-301F-11D3-BF4B-00C04F79EFBC}") = "Employees", "Employees\Employees.csproj", "{6F5ED57A-5BA4-492D-A6CE-5DAD5763C0DD}"
EndProject
Project("{FAE04EC0-301F-11D3-BF4B-00C04F79EFBC}") = "Employes.DataBase", "Employes.DataBase\Employes.DataBase.csproj", "{1D0344C8-17BD-4660-BE10-FE1C333BEB18}"
EndProject
Global
	GlobalSection(SolutionConfigurationPlatforms) = preSolution
		Debug|Any CPU = Debug|Any CPU
		Release|Any CPU = Release|Any CPU
	EndGlobalSection
	GlobalSection(ProjectConfigurationPlatforms) = postSolution
		{6F5ED57A-5BA4-492D-A6CE-5DAD5763C0DD}.Debug|Any CPU.ActiveCfg = Debug|Any CPU
		{6F5ED57A-5BA4-492D-A6CE-5DAD5763C0DD}.Debug|Any CPU.Build.0 = Debug|Any CPU
		{6F5ED57A-5BA4-492D-A6CE-5DAD5763C0DD}.Release|Any CPU.ActiveCfg = Release|Any CPU
		{6F5ED57A-5BA4-492D-A6CE-5DAD5763C0DD}.Release|Any CPU.Build.0 = Release|Any CPU
		{1D0344C8-17BD-4660-BE10-FE1C333BEB18}.Debug|Any CPU.ActiveCfg = Debug|Any CPU
		{1D0344C8-17BD-4660-BE10-FE1C333BEB18}.Debug|Any CPU.Build.0 = Debug|Any CPU
		{1D0344C8-17BD-4660-BE10-FE1C333BEB18}.Release|Any CPU.ActiveCfg = Release|Any CPU
		{1D0344C8-17BD-4660-BE10-FE1C333BEB18}.Release|Any CPU.Build.0 = Release|Any CPU
	EndGlobalSection
	GlobalSection(SolutionProperties) = preSolution
		HideSolutionNode = FALSE
	EndGlobalSection
	GlobalSection(ExtensibilityGlobals) = postSolution
		SolutionGuid = {1E0853F0-1756-4D14-8235-8007294046BA}
	EndGlobalSection
EndGlobal
